{
  "name": "tea",
  "version": "0.1.0",
  "lockfileVersion": 1,
  "requires": true,
  "dependencies": {
    "@commitlint/cli": {
      "version": "8.3.5",
      "resolved": "https://registry.npmjs.org/@commitlint/cli/-/cli-8.3.5.tgz",
      "integrity": "sha512-6+L0vbw55UEdht71pgWOE55SRgb+8OHcEwGDB234VlIBFGK9P2QOBU7MHiYJ5cjdjCQ0rReNrGjOHmJ99jwf0w==",
      "dev": true,
      "dependencies": {
        "resolve-from": {
          "version": "5.0.0",
          "resolved": "https://registry.npmjs.org/resolve-from/-/resolve-from-5.0.0.tgz",
          "integrity": "sha512-qYg9KP24dD5qka9J47d0aVky0N+b4fTU89LN9iDnjB5waksiC49rvMB0PrUJQGoTmH50XPiqOvAjDfaijGxYZw=="
        }
      }
    },
    "@commitlint/config-conventional": {
      "version": "8.3.4",
      "resolved": "https://registry.npmjs.org/@commitlint/config-conventional/-/config-conventional-8.3.4.tgz",
      "integrity": "sha512-w0Yc5+aVAjZgjYqx29igBOnVCj8O22gy3Vo6Fyp7PwoS7+AYS1x3sN7IBq6i7Ae15Mv5P+rEx1pkxXo5zOMe4g==",
      "dev": true
    },
    "@kazupon/vue-i18n-loader": {
      "version": "0.3.0",
      "resolved": "https://registry.npmjs.org/@kazupon/vue-i18n-loader/-/vue-i18n-loader-0.3.0.tgz",
      "integrity": "sha512-M2280E9PMxetu6mOdtyh1d6Dif7LwH4gvxD2dgsu7HOyzR26AUNok8DxZ1Y5YAexJvPfbBXC75Llui2myO05Hg==",
      "dev": true
    },
    "@vue/cli-plugin-babel": {
      "version": "4.1.1",
      "resolved": "https://registry.npmjs.org/@vue/cli-plugin-babel/-/cli-plugin-babel-4.1.1.tgz",
      "integrity": "sha512-1TyuKEFFlEQwXvVohhUTJEa85o29Z4F62p1nzR+EIMOudo9tHaO1WWPqShZ2Trehrl7cpIjul9dhRUuyhwKiaQ==",
      "dev": true
    },
    "@vue/cli-plugin-eslint": {
      "version": "4.1.1",
      "resolved": "https://registry.npmjs.org/@vue/cli-plugin-eslint/-/cli-plugin-eslint-4.1.1.tgz",
      "integrity": "sha512-7bb5idaWcXREaxVYmQ9NK31gy26Qms6cQ9ENovXQurFpsSd29+Fmqc/EkAhHhWn82gModvypIoJyOhKt21jxKg==",
      "dev": true
    },
    "@vue/cli-service": {
      "version": "4.1.1",
      "resolved": "https://registry.npmjs.org/@vue/cli-service/-/cli-service-4.1.1.tgz",
      "integrity": "sha512-woEIXXc22DXKrSO+FAFnrzhnysJcAB1UTF2t0NIPrxnngm0O2YSO0idmy01a2H/q3auMCVNQdzggQ4JWUeV7Gg==",
      "dev": true,
      "dependencies": {
        "cacache": {
          "version": "13.0.1",
          "resolved": "https://registry.npmjs.org/cacache/-/cacache-13.0.1.tgz",
          "integrity": "sha512-5ZvAxd05HDDU+y9BVvcqYu2LLXmPnQ0hW62h32g4xBTgL/MppR4/04NHfj/ycM2y6lmTnbw6HVi+1eN0Psba6w==",
          "dependencies": {
            "ssri": {
              "version": "7.1.0",
              "resolved": "https://registry.npmjs.org/ssri/-/ssri-7.1.0.tgz",
              "integrity": "sha512-77/WrDZUWocK0mvA5NTRQyveUf+wsrIc6vyrxpS8tVvYBcX215QbafrJR3KtkpskIzoFLqqNuuYQvxaMjXJ/0g=="
            }
          }
        },
        "find-cache-dir": {
          "version": "3.1.0",
          "resolved": "https://registry.npmjs.org/find-cache-dir/-/find-cache-dir-3.1.0.tgz",
          "integrity": "sha512-zw+EFiNBNPgI2NTrKkDd1xd7q0cs6wr/iWnr/oUkI0yF9K9GqQ+riIt4aiyFaaqpaWbxPrJXHI+QvmNUQbX+0Q=="
        },
        "find-up": {
          "version": "4.1.0",
          "resolved": "https://registry.npmjs.org/find-up/-/find-up-4.1.0.tgz",
          "integrity": "sha512-PpOwAdQ/YlXQ2vj8a3h8IipDuYRi3wceVQQGYWxNINccq40Anw7BlsEXCMbt1Zt+OLA6Fq9suIpIWD0OsnISlw=="
        },
        "locate-path": {
          "version": "5.0.0",
          "resolved": "https://registry.npmjs.org/locate-path/-/locate-path-5.0.0.tgz",
          "integrity": "sha512-t7hw9pI+WvuwNJXwk5zVHpyhIqzg2qTlklJOf0mVxGSbe3Fp2VieZcduNYjaLDoy6p9uGpQEGWG87WpMKlNq8g=="
        },
        "make-dir": {
          "version": "3.0.0",
          "resolved": "https://registry.npmjs.org/make-dir/-/make-dir-3.0.0.tgz",
          "integrity": "sha512-grNJDhb8b1Jm1qeqW5R/O63wUo4UXo2v2HMic6YT9i/HBlF93S8jkMgH7yugvY9ABDShH4VZMn8I+U8+fCNegw=="
        },
        "p-locate": {
          "version": "4.1.0",
          "resolved": "https://registry.npmjs.org/p-locate/-/p-locate-4.1.0.tgz",
          "integrity": "sha512-R79ZZ/0wAxKGu3oYMlz8jy/kbhsNrS7SKZ7PxEHBgJ5+F2mtFW2fK2cOtBh1cHYkQsbzFV7I+EoRKe6Yt0oK7A=="
        },
        "path-exists": {
          "version": "4.0.0",
          "resolved": "https://registry.npmjs.org/path-exists/-/path-exists-4.0.0.tgz",
          "integrity": "sha512-ak9Qy5Q7jYb2Wwcey5Fpvg2KoAc/ZIhLSLOSBmRmygPsGwkVVt0fZa0qrtMz+m6tJTAHfZQ8FnmB4MG4LWy7/w=="
        },
        "pkg-dir": {
          "version": "4.2.0",
          "resolved": "https://registry.npmjs.org/pkg-dir/-/pkg-dir-4.2.0.tgz",
          "integrity": "sha512-HRDzbaKjC+AOWVXxAU/x54COGeIv9eb+6CkDSQoNTt4XyWoIJvuPsXizxu/Fr23EiekbtZwmh1IcIG/l/a10GQ=="
        },
        "semver": {
          "version": "6.3.0",
          "resolved": "https://registry.npmjs.org/semver/-/semver-6.3.0.tgz",
          "integrity": "sha512-b39TBaTSfV6yBrapU89p5fKekE2m/NwnDocOVruQFS1/veMgdzuPcnOM34M6CwxW8jH/lxEa5rBoDeUwu5HHTw=="
        },
        "serialize-javascript": {
          "version": "2.1.0",
          "resolved": "https://registry.npmjs.org/serialize-javascript/-/serialize-javascript-2.1.0.tgz",
          "integrity": "sha512-a/mxFfU00QT88umAJQsNWOnUKckhNCqOl028N48e7wFmo2/EHpTo9Wso+iJJCMrQnmFvcjto5RJdAHEvVhcyUQ=="
        },
        "slash": {
          "version": "3.0.0",
          "resolved": "https://registry.npmjs.org/slash/-/slash-3.0.0.tgz",
          "integrity": "sha512-g9Q1haeby36OSStwb4ntCGGGaKsaVSjQ68fBxoQcutl5fS1vuY18H3wSt3jFyFtrkx+Kz0V1G85A4MyAdDMi2Q=="
        },
        "source-map": {
          "version": "0.6.1",
          "resolved": "https://registry.npmjs.org/source-map/-/source-map-0.6.1.tgz",
          "integrity": "sha512-UjgapumWlbMhkBgzT7Ykc5YXUT46F0iKu8SGXq0bcwP5dz/h0Plj6enJqjz1Zbq2l5WaqYnrVbwWOWMyF3F47g=="
        },
        "terser-webpack-plugin": {
          "version": "2.2.1",
          "resolved": "https://registry.npmjs.org/terser-webpack-plugin/-/terser-webpack-plugin-2.2.1.tgz",
          "integrity": "sha512-jwdauV5Al7zopR6OAYvIIRcxXCSvLjZjr7uZE8l2tIWb/ryrGN48sJftqGf5k9z09tWhajx53ldp0XPI080YnA=="
        }
      }
    },
    "@vue/eslint-config-airbnb": {
      "version": "4.0.1",
      "resolved": "https://registry.npmjs.org/@vue/eslint-config-airbnb/-/eslint-config-airbnb-4.0.1.tgz",
      "integrity": "sha512-+4eD6qpiizX3v4mx5iSzMs7U2VecJw+c9TnverNYr94e0DD/mkIV0axTlAsBjkAjuqhjWS/E8F9/Pd7qRH03gA==",
      "dev": true
    },
    "axios": {
      "version": "0.19.0",
      "resolved": "https://registry.npmjs.org/axios/-/axios-0.19.0.tgz",
      "integrity": "sha512-1uvKqKQta3KBxIz14F2v06AEHZ/dIoeKfbTRkK1E5oqjDnuEerLmYTgJB5AiQZHJcljpg1TuRzdjDR06qNk0DQ==",
      "dependencies": {
        "debug": {
          "version": "3.1.0",
          "resolved": "https://registry.npmjs.org/debug/-/debug-3.1.0.tgz",
          "integrity": "sha512-OX8XqP7/1a9cqkxYw2yXss15f26NKWBpDXQd0/uK/KPqdQhxbPa994hnzjcE2VqQpDslf55723cKPUOGSmMY3g=="
        },
        "follow-redirects": {
          "version": "1.5.10",
          "resolved": "https://registry.npmjs.org/follow-redirects/-/follow-redirects-1.5.10.tgz",
          "integrity": "sha512-0V5l4Cizzvqt5D44aTXbFZz+FtyXV1vrDN6qrelxtfYQKW0KO0W2T/hkE8xvGa/540LkZlkaUjO4ailYTFtHVQ=="
        },
        "is-buffer": {
          "version": "2.0.4",
          "resolved": "https://registry.npmjs.org/is-buffer/-/is-buffer-2.0.4.tgz",
          "integrity": "sha512-Kq1rokWXOPXWuaMAqZiJW4XxsmD9zGx9q4aePabbn3qCRGedtH7Cm+zV8WETitMfu1wdh+Rvd6w5egwSngUX2A=="
        },
        "ms": {
          "version": "2.0.0",
          "resolved": "https://registry.npmjs.org/ms/-/ms-2.0.0.tgz",
          "integrity": "sha1-VgiurfwAvmwpAd9fmGF4jeDVl8g="
        }
      }
    },
    "babel-eslint": {
      "version": "10.0.3",
      "resolved": "https://registry.npmjs.org/babel-eslint/-/babel-eslint-10.0.3.tgz",
      "integrity": "sha512-z3U7eMY6r/3f3/JB9mTsLjyxrv0Yb1zb8PCWCLpguxfCzBIZUwy23R1t/XKewP+8mEN2Ck8Dtr4q20z6ce6SoA==",
      "dev": true
    },
    "babel-plugin-component": {
      "version": "1.1.1",
      "resolved": "https://registry.npmjs.org/babel-plugin-component/-/babel-plugin-component-1.1.1.tgz",
      "integrity": "sha512-WUw887kJf2GH80Ng/ZMctKZ511iamHNqPhd9uKo14yzisvV7Wt1EckIrb8oq/uCz3B3PpAW7Xfl7AkTLDYT6ag==",
      "dev": true,
      "dependencies": {
        "@babel/helper-module-imports": {
          "version": "7.0.0-beta.35",
          "resolved": "https://registry.npmjs.org/@babel/helper-module-imports/-/helper-module-imports-7.0.0-beta.35.tgz",
          "integrity": "sha512-vaC1KyIZSuyWb3Lj277fX0pxivyHwuDU4xZsofqgYAbkDxNieMg2vuhzP5AgMweMY7fCQUMTi+BgPqTLjkxXFg=="
        },
        "@babel/types": {
          "version": "7.0.0-beta.35",
          "resolved": "https://registry.npmjs.org/@babel/types/-/types-7.0.0-beta.35.tgz",
          "integrity": "sha512-y9XT11CozHDgjWcTdxmhSj13rJVXpa5ZXwjjOiTedjaM0ba5ItqdS02t31EhPl7HtOWxsZkYCCUNrSfrOisA6w=="
        }
      }
    },
    "core-js": {
      "version": "3.4.7",
      "resolved": "https://registry.npmjs.org/core-js/-/core-js-3.4.7.tgz",
      "integrity": "sha512-qaPVGw30J1wQ0GR3GvoPqlGf9GZfKKF4kFC7kiHlcsPTqH3txrs9crCp3ZiMAXuSenhz89Jnl4GZs/67S5VOSg=="
    },
    "cz-conventional-changelog": {
      "version": "3.0.2",
      "resolved": "https://registry.npmjs.org/cz-conventional-changelog/-/cz-conventional-changelog-3.0.2.tgz",
      "integrity": "sha512-MPxERbtQyVp0nnpCBiwzKGKmMBSswmCV3Jpef3Axqd5f3c/SOc6VFiSUlclOyZXBn3Xtf4snzt4O15hBTRb2gA==",
      "dev": true
    },
    "echarts": {
      "version": "4.6.0",
      "resolved": "https://registry.npmjs.org/echarts/-/echarts-4.6.0.tgz",
      "integrity": "sha512-xKkcr6v9UVOSF+PMuj7Ngt3bnzLwN1sSXWCvpvX+jYb3mePYsZnABq7wGkPac/m0nV653uGHXoHK8DCKCprdNg=="
    },
    "element-ui": {
      "version": "2.13.0",
      "resolved": "https://registry.npmjs.org/element-ui/-/element-ui-2.13.0.tgz",
      "integrity": "sha512-KYsHWsBXYbLELS8cdfvgJTOMSUby3UEjvsPV1V1VmgJ/DdkOAS4z3MiOrPxrT9w2Cc5lZ4eVSQiGhYFR5NVChw=="
    },
    "eslint": {
      "version": "5.16.0",
      "resolved": "https://registry.npmjs.org/eslint/-/eslint-5.16.0.tgz",
      "integrity": "sha512-S3Rz11i7c8AA5JPv7xAH+dOyq/Cu/VXHiHXBPOU1k/JAM5dXqQPt3qcrhpHSorXmrpu2g0gkIBVXAqCpzfoZIg==",
      "dev": true,
      "dependencies": {
        "ansi-regex": {
          "version": "3.0.0",
          "resolved": "https://registry.npmjs.org/ansi-regex/-/ansi-regex-3.0.0.tgz",
          "integrity": "sha1-7QMXwyIGT3lGbAKWa922Bas32Zg="
        },
        "doctrine": {
          "version": "3.0.0",
          "resolved": "https://registry.npmjs.org/doctrine/-/doctrine-3.0.0.tgz",
          "integrity": "sha512-yS+Q5i3hBf7GBkd4KG8a7eBNNWNGLTaEwwYWUijIYM7zrlYDM0BFXHjjPWlWZ1Rg7UaddZeIDmi9jF3HmqiQ2w=="
        },
        "import-fresh": {
          "version": "3.2.1",
          "resolved": "https://registry.npmjs.org/import-fresh/-/import-fresh-3.2.1.tgz",
          "integrity": "sha512-6e1q1cnWP2RXD9/keSkxHScg508CdXqXWgWBaETNhyuBFz+kUZlKboh+ISK+bU++DmbHimVBrOz/zzPe0sZ3sQ=="
        },
        "resolve-from": {
          "version": "4.0.0",
          "resolved": "https://registry.npmjs.org/resolve-from/-/resolve-from-4.0.0.tgz",
          "integrity": "sha512-pb/MYmXstAkysRFx8piNI1tGFNQIFA3vkE3Gq4EuA1dF6gHp/+vgZqsCGJapvy8N3Q+4o7FwvquPJcnZ7RYy4g=="
        },
        "strip-ansi": {
          "version": "4.0.0",
          "resolved": "https://registry.npmjs.org/strip-ansi/-/strip-ansi-4.0.0.tgz",
          "integrity": "sha1-qEeQIusaw2iocTibY1JixQXuNo8="
        }
      }
    },
    "eslint-plugin-vue": {
      "version": "5.2.3",
      "resolved": "https://registry.npmjs.org/eslint-plugin-vue/-/eslint-plugin-vue-5.2.3.tgz",
      "integrity": "sha512-mGwMqbbJf0+VvpGR5Lllq0PMxvTdrZ/ZPjmhkacrCHbubJeJOt+T6E3HUzAifa2Mxi7RSdJfC9HFpOeSYVMMIw==",
      "dev": true
    },
    "gulp": {
      "version": "4.0.2",
      "resolved": "https://registry.npmjs.org/gulp/-/gulp-4.0.2.tgz",
      "integrity": "sha512-dvEs27SCZt2ibF29xYgmnwwCYZxdxhQ/+LFWlbAW8y7jt68L/65402Lz3+CKy0Ov4rOs+NERmDq7YlZaDqUIfA==",
      "dev": true,
      "dependencies": {
        "ansi-colors": {
          "version": "1.1.0",
          "resolved": "https://registry.npmjs.org/ansi-colors/-/ansi-colors-1.1.0.tgz",
          "integrity": "sha512-SFKX67auSNoVR38N3L+nvsPjOE0bybKTYbkf5tRvushrAPQ9V75huw0ZxBkKVeRU9kqH3d6HA4xTckbwZ4ixmA=="
        },
        "ansi-regex": {
          "version": "2.1.1",
          "resolved": "https://registry.npmjs.org/ansi-regex/-/ansi-regex-2.1.1.tgz",
          "integrity": "sha1-w7M6te42DYbg5ijwRorn7yfWVN8="
        },
        "camelcase": {
          "version": "3.0.0",
          "resolved": "https://registry.npmjs.org/camelcase/-/camelcase-3.0.0.tgz",
          "integrity": "sha1-MvxLn82vhF/N9+c7uXysImHwqwo="
        },
        "cliui": {
          "version": "3.2.0",
          "resolved": "https://registry.npmjs.org/cliui/-/cliui-3.2.0.tgz",
          "integrity": "sha1-EgYBU3qRbSmUD5NNo7SNWFo5IT0="
        },
        "find-up": {
          "version": "1.1.2",
          "resolved": "https://registry.npmjs.org/find-up/-/find-up-1.1.2.tgz",
          "integrity": "sha1-ay6YIrGizgpgq2TWEOzK1TyyTQ8="
        },
        "get-caller-file": {
          "version": "1.0.3",
          "resolved": "https://registry.npmjs.org/get-caller-file/-/get-caller-file-1.0.3.tgz",
          "integrity": "sha512-3t6rVToeoZfYSGd8YoLFR2DJkiQrIiUrGcjvFX2mDw3bn6k2OtwHN0TNCLbBO+w8qTvimhDkv+LSscbJY1vE6w=="
        },
        "gulp-cli": {
          "version": "2.2.0",
          "resolved": "https://registry.npmjs.org/gulp-cli/-/gulp-cli-2.2.0.tgz",
          "integrity": "sha512-rGs3bVYHdyJpLqR0TUBnlcZ1O5O++Zs4bA0ajm+zr3WFCfiSLjGwoCBqFs18wzN+ZxahT9DkOK5nDf26iDsWjA=="
        },
        "invert-kv": {
          "version": "1.0.0",
          "resolved": "https://registry.npmjs.org/invert-kv/-/invert-kv-1.0.0.tgz",
          "integrity": "sha1-EEqOSqym09jNFXqO+L+rLXo//bY="
        },
        "is-fullwidth-code-point": {
          "version": "1.0.0",
          "resolved": "https://registry.npmjs.org/is-fullwidth-code-point/-/is-fullwidth-code-point-1.0.0.tgz",
          "integrity": "sha1-754xOG8DGn8NZDr4L95QxFfvAMs="
        },
        "lcid": {
          "version": "1.0.0",
          "resolved": "https://registry.npmjs.org/lcid/-/lcid-1.0.0.tgz",
          "integrity": "sha1-MIrMr6C8SDo4Z7S28rlQYlHRuDU="
        },
        "load-json-file": {
          "version": "1.1.0",
          "resolved": "https://registry.npmjs.org/load-json-file/-/load-json-file-1.1.0.tgz",
          "integrity": "sha1-lWkFcI1YtLq0wiYbBPWfMcmTdMA="
        },
        "os-locale": {
          "version": "1.4.0",
          "resolved": "https://registry.npmjs.org/os-locale/-/os-locale-1.4.0.tgz",
          "integrity": "sha1-IPnxeuKe00XoveWDsT0gCYA8FNk="
        },
        "parse-json": {
          "version": "2.2.0",
          "resolved": "https://registry.npmjs.org/parse-json/-/parse-json-2.2.0.tgz",
          "integrity": "sha1-9ID0BDTvgHQfhGkJn43qGPVaTck="
        },
        "path-exists": {
          "version": "2.1.0",
          "resolved": "https://registry.npmjs.org/path-exists/-/path-exists-2.1.0.tgz",
          "integrity": "sha1-D+tsZPD8UY2adU3V77YscCJ2H0s="
        },
        "path-type": {
          "version": "1.1.0",
          "resolved": "https://registry.npmjs.org/path-type/-/path-type-1.1.0.tgz",
          "integrity": "sha1-WcRPfuSR2nBNpBXaWkBwuk+P5EE="
        },
        "pify": {
          "version": "2.3.0",
          "resolved": "https://registry.npmjs.org/pify/-/pify-2.3.0.tgz",
          "integrity": "sha1-7RQaasBDqEnqWISY59yosVMw6Qw="
        },
        "read-pkg": {
          "version": "1.1.0",
          "resolved": "https://registry.npmjs.org/read-pkg/-/read-pkg-1.1.0.tgz",
          "integrity": "sha1-9f+qXs0pyzHAR0vKfXVra7KePyg="
        },
        "read-pkg-up": {
          "version": "1.0.1",
          "resolved": "https://registry.npmjs.org/read-pkg-up/-/read-pkg-up-1.0.1.tgz",
          "integrity": "sha1-nWPBMnbAZZGNV/ACpX9AobZD+wI="
        },
        "require-main-filename": {
          "version": "1.0.1",
          "resolved": "https://registry.npmjs.org/require-main-filename/-/require-main-filename-1.0.1.tgz",
          "integrity": "sha1-l/cXtp1IeE9fUmpsWqj/3aBVpNE="
        },
        "string-width": {
          "version": "1.0.2",
          "resolved": "https://registry.npmjs.org/string-width/-/string-width-1.0.2.tgz",
          "integrity": "sha1-EYvfW4zcUaKn5w0hHgfisLmxB9M="
        },
        "strip-ansi": {
          "version": "3.0.1",
          "resolved": "https://registry.npmjs.org/strip-ansi/-/strip-ansi-3.0.1.tgz",
          "integrity": "sha1-ajhfuIU9lS1f8F0Oiq+UJ43GPc8="
        },
        "strip-bom": {
          "version": "2.0.0",
          "resolved": "https://registry.npmjs.org/strip-bom/-/strip-bom-2.0.0.tgz",
          "integrity": "sha1-YhmoVhZSBJHzV4i9vxRHqZx+aw4="
        },
        "which-module": {
          "version": "1.0.0",
          "resolved": "https://registry.npmjs.org/which-module/-/which-module-1.0.0.tgz",
          "integrity": "sha1-u6Y8qGGUiZT/MHc2CJ47lgJsKk8="
        },
        "wrap-ansi": {
          "version": "2.1.0",
          "resolved": "https://registry.npmjs.org/wrap-ansi/-/wrap-ansi-2.1.0.tgz",
          "integrity": "sha1-2Pw9KE3QV5T+hJc8rs3Rz4JP3YU="
        },
        "y18n": {
          "version": "3.2.1",
          "resolved": "https://registry.npmjs.org/y18n/-/y18n-3.2.1.tgz",
          "integrity": "sha1-bRX7qITAhnnA136I53WegR4H+kE="
        },
        "yargs": {
          "version": "7.1.0",
          "resolved": "https://registry.npmjs.org/yargs/-/yargs-7.1.0.tgz",
          "integrity": "sha1-a6MY6xaWFyf10oT46gA+jWFU0Mg="
        },
        "yargs-parser": {
          "version": "5.0.0",
          "resolved": "https://registry.npmjs.org/yargs-parser/-/yargs-parser-5.0.0.tgz",
          "integrity": "sha1-J17PDX/+Bcd+ZOfIbkzZS/DhIoo="
        }
      }
    },
    "gulp-clean-css": {
      "version": "4.2.0",
      "resolved": "https://registry.npmjs.org/gulp-clean-css/-/gulp-clean-css-4.2.0.tgz",
      "integrity": "sha512-r4zQsSOAK2UYUL/ipkAVCTRg/2CLZ2A+oPVORopBximRksJ6qy3EX1KGrIWT4ZrHxz3Hlobb1yyJtqiut7DNjA==",
      "dev": true,
      "dependencies": {
        "through2": {
          "version": "3.0.1",
          "resolved": "https://registry.npmjs.org/through2/-/through2-3.0.1.tgz",
          "integrity": "sha512-M96dvTalPT3YbYLaKaCuwu+j06D/8Jfib0o/PxbVt6Amhv3dUAtW6rTV1jPgJSBG83I/e04Y6xkVdVhSRhi0ww=="
        }
      }
    },
    "gulp-css-wrap": {
      "version": "0.1.2",
      "resolved": "https://registry.npmjs.org/gulp-css-wrap/-/gulp-css-wrap-0.1.2.tgz",
      "integrity": "sha1-zrSzrUXXtWZO6PSIBkkdqjpRRoQ=",
      "dev": true
    },
    "husky": {
      "version": "3.1.0",
      "resolved": "https://registry.npmjs.org/husky/-/husky-3.1.0.tgz",
      "integrity": "sha512-FJkPoHHB+6s4a+jwPqBudBDvYZsoQW5/HBuMSehC8qDiCe50kpcxeqFoDSlow+9I6wg47YxBoT3WxaURlrDIIQ==",
      "dev": true,
      "dependencies": {
        "ci-info": {
          "version": "2.0.0",
          "resolved": "https://registry.npmjs.org/ci-info/-/ci-info-2.0.0.tgz",
          "integrity": "sha512-5tK7EtrZ0N+OLFMthtqOj4fI2Jeb88C4CAZPu25LDVUgXJ0A3Js4PMGqrn0JU1W0Mh1/Z8wZzYPxqUrXeBboCQ=="
        },
        "find-up": {
          "version": "4.1.0",
          "resolved": "https://registry.npmjs.org/find-up/-/find-up-4.1.0.tgz",
          "integrity": "sha512-PpOwAdQ/YlXQ2vj8a3h8IipDuYRi3wceVQQGYWxNINccq40Anw7BlsEXCMbt1Zt+OLA6Fq9suIpIWD0OsnISlw=="
        },
        "locate-path": {
          "version": "5.0.0",
          "resolved": "https://registry.npmjs.org/locate-path/-/locate-path-5.0.0.tgz",
          "integrity": "sha512-t7hw9pI+WvuwNJXwk5zVHpyhIqzg2qTlklJOf0mVxGSbe3Fp2VieZcduNYjaLDoy6p9uGpQEGWG87WpMKlNq8g=="
        },
        "p-locate": {
          "version": "4.1.0",
          "resolved": "https://registry.npmjs.org/p-locate/-/p-locate-4.1.0.tgz",
          "integrity": "sha512-R79ZZ/0wAxKGu3oYMlz8jy/kbhsNrS7SKZ7PxEHBgJ5+F2mtFW2fK2cOtBh1cHYkQsbzFV7I+EoRKe6Yt0oK7A=="
        },
        "path-exists": {
          "version": "4.0.0",
          "resolved": "https://registry.npmjs.org/path-exists/-/path-exists-4.0.0.tgz",
          "integrity": "sha512-ak9Qy5Q7jYb2Wwcey5Fpvg2KoAc/ZIhLSLOSBmRmygPsGwkVVt0fZa0qrtMz+m6tJTAHfZQ8FnmB4MG4LWy7/w=="
        },
        "pkg-dir": {
          "version": "4.2.0",
          "resolved": "https://registry.npmjs.org/pkg-dir/-/pkg-dir-4.2.0.tgz",
          "integrity": "sha512-HRDzbaKjC+AOWVXxAU/x54COGeIv9eb+6CkDSQoNTt4XyWoIJvuPsXizxu/Fr23EiekbtZwmh1IcIG/l/a10GQ=="
        },
        "slash": {
          "version": "3.0.0",
          "resolved": "https://registry.npmjs.org/slash/-/slash-3.0.0.tgz",
          "integrity": "sha512-g9Q1haeby36OSStwb4ntCGGGaKsaVSjQ68fBxoQcutl5fS1vuY18H3wSt3jFyFtrkx+Kz0V1G85A4MyAdDMi2Q=="
        }
      }
    },
    "lint-staged": {
      "version": "9.5.0",
      "resolved": "https://registry.npmjs.org/lint-staged/-/lint-staged-9.5.0.tgz",
      "integrity": "sha512-nawMob9cb/G1J98nb8v3VC/E8rcX1rryUYXVZ69aT9kde6YWX+uvNOEHY5yf2gcWcTJGiD0kqXmCnS3oD75GIA==",
      "dev": true,
      "dependencies": {
        "@nodelib/fs.stat": {
          "version": "2.0.3",
          "resolved": "https://registry.npmjs.org/@nodelib/fs.stat/-/fs.stat-2.0.3.tgz",
          "integrity": "sha512-bQBFruR2TAwoevBEd/NWMoAAtNGzTRgdrqnYCc7dhzfoNvqPzLyqlEQnzZ3kVnNrSp25iyxE00/3h2fqGAGArA=="
        },
        "array-union": {
          "version": "2.1.0",
          "resolved": "https://registry.npmjs.org/array-union/-/array-union-2.1.0.tgz",
          "integrity": "sha512-HGyxoOTYUyCM6stUe6EJgnd4EoewAI7zMdfqO+kGjnlZmBDz/cR5pf8r/cR4Wq60sL/p0IkcjUEEPwS3GFrIyw=="
        },
        "braces": {
          "version": "3.0.2",
          "resolved": "https://registry.npmjs.org/braces/-/braces-3.0.2.tgz",
          "integrity": "sha512-b8um+L1RzM3WDSzvhm6gIz1yfTbBt6YTlcEKAvsmqCZZFw46z626lVj9j1yEPW33H5H+lBQpZMP1k8l+78Ha0A=="
        },
        "cross-spawn": {
          "version": "7.0.1",
          "resolved": "https://registry.npmjs.org/cross-spawn/-/cross-spawn-7.0.1.tgz",
          "integrity": "sha512-u7v4o84SwFpD32Z8IIcPZ6z1/ie24O6RU3RbtL5Y316l3KuHVPx9ItBgWQ6VlfAFnRnTtMUrsQ9MUUTuEZjogg=="
        },
        "del": {
          "version": "5.1.0",
          "resolved": "https://registry.npmjs.org/del/-/del-5.1.0.tgz",
          "integrity": "sha512-wH9xOVHnczo9jN2IW68BabcecVPxacIA3g/7z6vhSU/4stOKQzeCRK0yD0A24WiAAUJmmVpWqrERcTxnLo3AnA=="
        },
        "dir-glob": {
          "version": "3.0.1",
          "resolved": "https://registry.npmjs.org/dir-glob/-/dir-glob-3.0.1.tgz",
          "integrity": "sha512-WkrWp9GR4KXfKGYzOLmTuGVi1UWFfws377n9cc55/tb6DuqyF6pcQ5AbiHEshaDpY9v6oaSr2XCDidGmMwdzIA=="
        },
        "execa": {
          "version": "2.1.0",
          "resolved": "https://registry.npmjs.org/execa/-/execa-2.1.0.tgz",
          "integrity": "sha512-Y/URAVapfbYy2Xp/gb6A0E7iR8xeqOCXsuuaoMn7A5PzrXUK84E1gyiEfq0wQd/GHA6GsoHWwhNq8anb0mleIw=="
        },
        "fast-glob": {
          "version": "3.1.1",
          "resolved": "https://registry.npmjs.org/fast-glob/-/fast-glob-3.1.1.tgz",
          "integrity": "sha512-nTCREpBY8w8r+boyFYAx21iL6faSsQynliPHM4Uf56SbkyohCNxpVPEH9xrF5TXKy+IsjkPUHDKiUkzBVRXn9g=="
        },
        "fill-range": {
          "version": "7.0.1",
          "resolved": "https://registry.npmjs.org/fill-range/-/fill-range-7.0.1.tgz",
          "integrity": "sha512-qOo9F+dMUmC2Lcb4BbVvnKJxTPjCm+RRpe4gDuGrzkL7mEVl/djYSu2OdQ2Pa302N4oqkSg9ir6jaLWJ2USVpQ=="
        },
        "get-stream": {
          "version": "5.1.0",
          "resolved": "https://registry.npmjs.org/get-stream/-/get-stream-5.1.0.tgz",
          "integrity": "sha512-EXr1FOzrzTfGeL0gQdeFEvOMm2mzMOglyiOXSTpPC+iAjAKftbr3jpCMWynogwYnM+eSj9sHGc6wjIcDvYiygw=="
        },
        "glob-parent": {
          "version": "5.1.0",
          "resolved": "https://registry.npmjs.org/glob-parent/-/glob-parent-5.1.0.tgz",
          "integrity": "sha512-qjtRgnIVmOfnKUE3NJAQEdk+lKrxfw8t5ke7SXtfMTHcjsBfOfWXCQfdb30zfDoZQ2IRSIiidmjtbHZPZ++Ihw=="
        },
        "globby": {
          "version": "10.0.1",
          "resolved": "https://registry.npmjs.org/globby/-/globby-10.0.1.tgz",
          "integrity": "sha512-sSs4inE1FB2YQiymcmTv6NWENryABjUNPeWhOvmn4SjtKybglsyPZxFB3U1/+L1bYi0rNZDqCLlHyLYDl1Pq5A=="
        },
        "ignore": {
          "version": "5.1.4",
          "resolved": "https://registry.npmjs.org/ignore/-/ignore-5.1.4.tgz",
          "integrity": "sha512-MzbUSahkTW1u7JpKKjY7LCARd1fU5W2rLdxlM4kdkayuCwZImjkpluF9CM1aLewYJguPDqewLam18Y6AU69A8A=="
        },
        "is-number": {
          "version": "7.0.0",
          "resolved": "https://registry.npmjs.org/is-number/-/is-number-7.0.0.tgz",
          "integrity": "sha512-41Cifkg6e8TylSpdtTpeLVMqvSBEVzTttHvERD741+pnZ8ANv0004MRL43QKPDlK9cGvNp6NZWZUBlbGXYxxng=="
        },
        "is-path-inside": {
          "version": "3.0.2",
          "resolved": "https://registry.npmjs.org/is-path-inside/-/is-path-inside-3.0.2.tgz",
          "integrity": "sha512-/2UGPSgmtqwo1ktx8NDHjuPwZWmHhO+gj0f93EkhLB5RgW9RZevWYYlIkS6zePc6U2WpOdQYIwHe9YC4DWEBVg=="
        },
        "is-stream": {
          "version": "2.0.0",
          "resolved": "https://registry.npmjs.org/is-stream/-/is-stream-2.0.0.tgz",
          "integrity": "sha512-XCoy+WlUr7d1+Z8GgSuXmpuUFC9fOhRXglJMx+dwLKTkL44Cjd4W1Z5P+BQZpr+cR93aGP4S/s7Ftw6Nd/kiEw=="
        },
        "log-symbols": {
          "version": "3.0.0",
          "resolved": "https://registry.npmjs.org/log-symbols/-/log-symbols-3.0.0.tgz",
          "integrity": "sha512-dSkNGuI7iG3mfvDzUuYZyvk5dD9ocYCYzNU6CYDE6+Xqd+gwme6Z00NS3dUh8mq/73HaEtT7m6W+yUPtU6BZnQ=="
        },
        "micromatch": {
          "version": "4.0.2",
          "resolved": "https://registry.npmjs.org/micromatch/-/micromatch-4.0.2.tgz",
          "integrity": "sha512-y7FpHSbMUMoyPbYUSzO6PaZ6FyRnQOpHuKwbo1G+Knck95XVU4QAiKdGEnj5wwoS7PlOgthX/09u5iFJ+aYf5Q=="
        },
        "mimic-fn": {
          "version": "2.1.0",
          "resolved": "https://registry.npmjs.org/mimic-fn/-/mimic-fn-2.1.0.tgz",
          "integrity": "sha512-OqbOk5oEQeAZ8WXWydlu9HJjz9WVdEIvamMCcXmuqUYjTknH/sqsWvhQ3vgwKFRR1HpjvNBKQ37nbJgYzGqGcg=="
        },
        "npm-run-path": {
          "version": "3.1.0",
          "resolved": "https://registry.npmjs.org/npm-run-path/-/npm-run-path-3.1.0.tgz",
          "integrity": "sha512-Dbl4A/VfiVGLgQv29URL9xshU8XDY1GeLy+fsaZ1AA8JDSfjvr5P5+pzRbWqRSBxk6/DW7MIh8lTM/PaGnP2kg=="
        },
        "onetime": {
          "version": "5.1.0",
          "resolved": "https://registry.npmjs.org/onetime/-/onetime-5.1.0.tgz",
          "integrity": "sha512-5NcSkPHhwTVFIQN+TUqXoS5+dlElHXdpAWu9I0HP20YOtIi+aZ0Ct82jdlILDxjLEAWwvm+qj1m6aEtsDVmm6Q=="
        },
        "p-finally": {
          "version": "2.0.1",
          "resolved": "https://registry.npmjs.org/p-finally/-/p-finally-2.0.1.tgz",
          "integrity": "sha512-vpm09aKwq6H9phqRQzecoDpD8TmVyGw70qmWlyq5onxY7tqyTTFVvxMykxQSQKILBSFlbXpypIw2T1Ml7+DDtw=="
        },
        "path-key": {
          "version": "3.1.1",
          "resolved": "https://registry.npmjs.org/path-key/-/path-key-3.1.1.tgz",
          "integrity": "sha512-ojmeN0qd+y0jszEtoY48r0Peq5dwMEkIlCOu6Q5f41lfkswXuKtYrhgoTpLnyIcHm24Uhqx+5Tqm2InSwLhE6Q=="
        },
        "path-type": {
          "version": "4.0.0",
          "resolved": "https://registry.npmjs.org/path-type/-/path-type-4.0.0.tgz",
          "integrity": "sha512-gDKb8aZMDeD/tZWs9P6+q0J9Mwkdl6xMV8TjnGP3qJVJ06bdMgkbBlLU8IdfOsIsFz2BW1rNVT3XuNEl8zPAvw=="
        },
        "rimraf": {
          "version": "3.0.0",
          "resolved": "https://registry.npmjs.org/rimraf/-/rimraf-3.0.0.tgz",
          "integrity": "sha512-NDGVxTsjqfunkds7CqsOiEnxln4Bo7Nddl3XhS4pXg5OzwkLqJ971ZVAAnB+DDLnF76N+VnDEiBHaVV8I06SUg=="
        },
        "shebang-command": {
          "version": "2.0.0",
          "resolved": "https://registry.npmjs.org/shebang-command/-/shebang-command-2.0.0.tgz",
          "integrity": "sha512-kHxr2zZpYtdmrN1qDjrrX/Z1rR1kG8Dx+gkpK1G4eXmvXswmcE1hTWBWYUzlraYw1/yZp6YuDY77YtvbN0dmDA=="
        },
        "shebang-regex": {
          "version": "3.0.0",
          "resolved": "https://registry.npmjs.org/shebang-regex/-/shebang-regex-3.0.0.tgz",
          "integrity": "sha512-7++dFhtcx3353uBaq8DDR4NuxBetBzC7ZQOhmTQInHEd6bSrXdiEyzCvG07Z44UYdLShWUyXt5M/yhz8ekcb1A=="
        },
        "slash": {
          "version": "3.0.0",
          "resolved": "https://registry.npmjs.org/slash/-/slash-3.0.0.tgz",
          "integrity": "sha512-g9Q1haeby36OSStwb4ntCGGGaKsaVSjQ68fBxoQcutl5fS1vuY18H3wSt3jFyFtrkx+Kz0V1G85A4MyAdDMi2Q=="
        },
        "to-regex-range": {
          "version": "5.0.1",
          "resolved": "https://registry.npmjs.org/to-regex-range/-/to-regex-range-5.0.1.tgz",
          "integrity": "sha512-65P7iz6X5yEr1cwcgvQxbbIw7Uk3gOy5dIdtZ4rDveLqhrdJP+Li/Hx6tyK0NEb+2GCyneCMJiGqrADCSNk8sQ=="
        },
        "which": {
          "version": "2.0.2",
          "resolved": "https://registry.npmjs.org/which/-/which-2.0.2.tgz",
          "integrity": "sha512-BLI3Tl1TW3Pvl70l3yq3Y64i+awpwXqsGBYWkkqMtnbXgrMD+yj7rhW0kuEDxzJaYXGjEW5ogapKNMEKNMjibA=="
        }
      }
    },
    "lodash": {
      "version": "4.17.21",
      "resolved": "https://registry.npmjs.org/lodash/-/lodash-4.17.21.tgz",
      "integrity": "sha512-v2kDEe57lecTulaDIuNTPy3Ry4gLGJ6Z1O3vE1krgXZNrsQ+LFTGHVxVjcXPs17LhbZVGedAJv8XZ1tvj5FvSg=="
    },
    "nprogress": {
      "version": "0.2.0",
      "resolved": "https://registry.npmjs.org/nprogress/-/nprogress-0.2.0.tgz",
      "integrity": "sha1-y480xTIT2JVyP8urkH6UIq28r7E="
    },
    "qs": {
      "version": "6.9.1",
      "resolved": "https://registry.npmjs.org/qs/-/qs-6.9.1.tgz",
      "integrity": "sha512-Cxm7/SS/y/Z3MHWSxXb8lIFqgqBowP5JMlTUFyJN88y0SGQhVmZnqFK/PeuMX9LzUyWsqqhNxIyg0jlzq946yA=="
    },
    "sass": {
      "version": "1.23.7",
      "resolved": "https://registry.npmjs.org/sass/-/sass-1.23.7.tgz",
      "integrity": "sha512-cYgc0fanwIpi0rXisGxl+/wadVQ/HX3RhpdRcjLdj2o2ye/sxUTpAxIhbmJy3PLQgRFbf6Pn8Jsrta2vdXcoOQ==",
      "dev": true
    },
    "sass-loader": {
      "version": "8.0.0",
      "resolved": "https://registry.npmjs.org/sass-loader/-/sass-loader-8.0.0.tgz",
      "integrity": "sha512-+qeMu563PN7rPdit2+n5uuYVR0SSVwm0JsOUsaJXzgYcClWSlmX0iHDnmeOobPkf5kUglVot3QS6SyLyaQoJ4w==",
      "dev": true,
      "dependencies": {
        "semver": {
          "version": "6.3.0",
          "resolved": "https://registry.npmjs.org/semver/-/semver-6.3.0.tgz",
          "integrity": "sha512-b39TBaTSfV6yBrapU89p5fKekE2m/NwnDocOVruQFS1/veMgdzuPcnOM34M6CwxW8jH/lxEa5rBoDeUwu5HHTw=="
        }
      }
    },
    "svg-sprite-loader": {
      "version": "4.1.6",
      "resolved": "https://registry.npmjs.org/svg-sprite-loader/-/svg-sprite-loader-4.1.6.tgz",
      "integrity": "sha512-fVLDJ36GUfLmeZEB+RFq/OmiEThifZsQQ+8YSmbpOtyvlkLBbnGydYG6IHJehgbpy58898JyoHk+krd6C+6dXg==",
      "dev": true,
      "dependencies": {
        "deepmerge": {
          "version": "1.3.2",
          "resolved": "https://registry.npmjs.org/deepmerge/-/deepmerge-1.3.2.tgz",
          "integrity": "sha1-FmNpFinU2/42T6EqKk8KqGqjoFA="
        }
      }
    },
    "v-charts": {
      "version": "1.19.0",
      "resolved": "https://registry.npmjs.org/v-charts/-/v-charts-1.19.0.tgz",
      "integrity": "sha512-vm2HBUmxAsXK0ivwce9LytcpqrItDA5JSPLYVxZXtiuoyhcn80XX1/3dPJd/1GqG1OYv3jfBo1s9ra4q8GowqA=="
    },
    "vue": {
      "version": "2.6.10",
      "resolved": "https://registry.npmjs.org/vue/-/vue-2.6.10.tgz",
      "integrity": "sha512-ImThpeNU9HbdZL3utgMCq0oiMzAkt1mcgy3/E6zWC/G6AaQoeuFdsl9nDhTDU3X1R6FK7nsIUuRACVcjI+A2GQ=="
    },
    "vue-cli-plugin-element": {
      "version": "1.0.1",
      "resolved": "https://registry.npmjs.org/vue-cli-plugin-element/-/vue-cli-plugin-element-1.0.1.tgz",
      "integrity": "sha512-OJSOnJtn7f1v/8xX+MJae+RrE8WguhiiG9QTBx/MNOPXYsxqut6Ommo+ZD3raNc7eryhqdM2T/DlMfdvIKpCtw==",
      "dev": true
    },
    "vue-cli-plugin-i18n": {
      "version": "0.6.0",
      "resolved": "https://registry.npmjs.org/vue-cli-plugin-i18n/-/vue-cli-plugin-i18n-0.6.0.tgz",
      "integrity": "sha512-tNF35Xjq5SnwN8VwbwIZaVKjYTRKU/Hg8tnx6ZrznI5OcFeYNXkmmazAyKTOFrxPHXxqspDOUqx/ougVLU04Lg==",
      "dev": true,
      "dependencies": {
        "debug": {
          "version": "3.2.6",
          "resolved": "https://registry.npmjs.org/debug/-/debug-3.2.6.tgz",
          "integrity": "sha512-mel+jf7nrtEl5Pn1Qx46zARXKDpBbvzezse7p7LqINmdoIk8PYP5SySaxEmYv6TZ0JyEKA1hsCId6DIhgITtWQ=="
        },
        "deepmerge": {
          "version": "2.2.1",
          "resolved": "https://registry.npmjs.org/deepmerge/-/deepmerge-2.2.1.tgz",
          "integrity": "sha512-R9hc1Xa/NOBi9WRVUWg19rl1UB7Tt4kuPd+thNJgFZoxXsTz7ncaPaeIm+40oSGuP33DfMb4sZt1QIGiJzC4EA=="
        },
        "dotenv": {
          "version": "6.2.0",
          "resolved": "https://registry.npmjs.org/dotenv/-/dotenv-6.2.0.tgz",
          "integrity": "sha512-HygQCKUBSFl8wKQZBSemMywRWcEDNidvNbjGVyZu3nbZ8qq9ubiPoGLMdRDpfSrpkkm9BXYFkpKxxFX38o/76w=="
        }
      }
    },
    "vue-cli-plugin-webpack-bundle-analyzer": {
      "version": "2.0.0",
      "resolved": "https://registry.npmjs.org/vue-cli-plugin-webpack-bundle-analyzer/-/vue-cli-plugin-webpack-bundle-analyzer-2.0.0.tgz",
      "integrity": "sha512-zOsxSaJC0+yYqnJNsxvGJOgtso8kL2ejlsx3p614LTNFSzaxc+KJ8AsBb712Yw19eVzhCXZrCpnhRad3kRa+aw==",
      "dev": true
    },
    "vue-i18n": {
      "version": "8.15.1",
      "resolved": "https://registry.npmjs.org/vue-i18n/-/vue-i18n-8.15.1.tgz",
      "integrity": "sha512-GBbz8qYCu0U2LNu4IcuFLZiuyninG4k26knvhL7GZG5Ncp4RR2VKDEH6g8gQ6I+UUBCvH2MBQVPSdxWe4DBkPw=="
    },
    "vue-router": {
      "version": "3.1.3",
      "resolved": "https://registry.npmjs.org/vue-router/-/vue-router-3.1.3.tgz",
      "integrity": "sha512-8iSa4mGNXBjyuSZFCCO4fiKfvzqk+mhL0lnKuGcQtO1eoj8nq3CmbEG8FwK5QqoqwDgsjsf1GDuisDX4cdb/aQ=="
    },
    "vue-template-compiler": {
      "version": "2.6.10",
      "resolved": "https://registry.npmjs.org/vue-template-compiler/-/vue-template-compiler-2.6.10.tgz",
      "integrity": "sha512-jVZkw4/I/HT5ZMvRnhv78okGusqe0+qH2A0Em0Cp8aq78+NK9TII263CDVz2QXZsIT+yyV/gZc/j/vlwa+Epyg==",
      "dev": true
    },
    "vuex": {
      "version": "3.1.2",
      "resolved": "https://registry.npmjs.org/vuex/-/vuex-3.1.2.tgz",
      "integrity": "sha512-ha3jNLJqNhhrAemDXcmMJMKf1Zu4sybMPr9KxJIuOpVcsDQlTBYLLladav2U+g1AvdYDG5Gs0xBTb0M5pXXYFQ=="
    },
    "vuex-persistedstate": {
      "version": "2.7.0",
      "resolved": "https://registry.npmjs.org/vuex-persistedstate/-/vuex-persistedstate-2.7.0.tgz",
      "integrity": "sha512-mpko65DUMBY4mF4sSGsgrqjE7fwO373LFZeuNrC55glRuBBAK4dkgzjr4j4Bij7WtMoKuo2t2w0NGenjauISaQ==",
      "dependencies": {
        "deepmerge": {
          "version": "4.2.2",
          "resolved": "https://registry.npmjs.org/deepmerge/-/deepmerge-4.2.2.tgz",
          "integrity": "sha512-FJ3UgI4gIl+PHZm53knsuSFpE+nESMr7M4v9QcgB7S63Kj/6WqMiFQJpBBYz1Pt+66bZpP3Q7Lye0Oo9MPKEdg=="
        }
      }
    }
  }
}
